{
    "_meta": {
        "hash": {
            "sha256": "b1eaf0760d1029d6e280b3c31b706c0abb1c5bc667e4687bdfa011feccc97bdd"
        },
        "pipfile-spec": 6,
        "requires": {
            "python_version": "3"
        },
        "sources": [
            {
                "name": "pypi",
                "url": "https://pypi.org/simple",
                "verify_ssl": true
            }
        ]
    },
    "default": {
        "maturin": {
            "hashes": [
                "sha256:0816676401169144bd9ff36ecb6ea7f48a29df93bede83c7a658894fe6f379d8",
                "sha256:0d236dfe849611cfb54ebdea64520fd3ec6b8bad09eaffca56ee2b1646a0f4bf",
                "sha256:3d40ef76fc4dd2dcff0b91903ba1f18e6d0d108157d3f6dda3d821d9407a77c6",
                "sha256:4ac592a01519fe1af716d3691a8159c85cb36b3629922dfdd782535a4b9ca10b",
                "sha256:6cd76805e2f20f0ebcef3578c3fad7c830f609ee0fcc7e79255310f49c4716cb",
                "sha256:7291d8e7a2e1561dd343a740de9ab1e38585df0a7d0c10b1bbeddfec057a9135",
                "sha256:72922109753dcd6813290f545854c3333553c8f444445ecbbf6464f645d4346d",
                "sha256:7a0041c480fad3b151c650a822e95706ae46a10bc71ff8c4bfc597b635409a20",
                "sha256:941acf7fe03034c685a401fb052f7a23024eed0ea779d289f53cc6cf9bf4e901",
                "sha256:9c03327aca1e0368883dba95d73c46436b8a5dfc7fe5eddc03fa4f2d02852f28",
                "sha256:9eafc7c6e623b8fd3ba9b355c7393becb4e96cb78536f67cee85f929d8849bd5",
                "sha256:a8ce77e48304255f297a4e6d9d056bdfa9c9912b97d733269d985b1c643aa569",
                "sha256:a95116ed8126cea6d4ae4b96978cd0a03c4b176c701bf6d27e45d2cd79cf5a29",
                "sha256:ace9b72268b92569734be5649eb2c26336f047400a5caa7b538c6b1ffab86974",
                "sha256:d70ca6a265e8b37d59e4f144a5bf541d5bdc73478d7278a97cc63f0bb6743438",
                "sha256:f02725fc2dbe8cec2e3c1b37da2a1e7aa449d371f94de9263cd32205e5de49e1"
            ],
            "index": "pypi",
            "version": "==0.12.0b1"
        },
        "toml": {
            "hashes": [
                "sha256:806143ae5bfb6a3c6e736a764057db0e6a0e05e338b5630894a5f779cabb4f9b",
                "sha256:b3bda1d108d5dd99f4a20d24d9c348e91c4db7ab1b749200bded2f839ccbe68f"
            ],
            "markers": "python_version >= '2.6' and python_version not in '3.0, 3.1, 3.2'",
            "version": "==0.10.2"
        }
    },
    "develop": {}
}
